PODS:
  - Core (0.1.0)
  - Network (0.1.0):
    - Core
  - PickupSearch (0.1.0):
    - Core
    - Network

DEPENDENCIES:
  - Core (from `Modules/Core`)
  - Network (from `Modules/Network`)
  - PickupSearch (from `Modules/PickupSearch`)

EXTERNAL SOURCES:
  Core:
    :path: Modules/Core
  Network:
    :path: Modules/Network
  PickupSearch:
    :path: Modules/PickupSearch

SPEC CHECKSUMS:
  Core: b4d49d33ea49694bc0bb003716776e3e238a9d1d
  Network: 1d8c5d3522c58dc66b14738e61eec2958301a555
  PickupSearch: 2ba059e368fd7405dd6d5258f6773e314aaad185

PODFILE CHECKSUM: a9cec68e55b44698ae75fd964c490952e43276fe

COCOAPODS: 1.11.2
